# This file is automatically @generated by Poetry 1.5.1 and should not be changed by hand.

[[package]]
name = "multipledispatch"
version = "1.0.0"
description = "Multiple dispatch"
optional = false
python-versions = "*"
files = [
    {file = "multipledispatch-1.0.0-py3-none-any.whl", hash = "sha256:0c53cd8b077546da4e48869f49b13164bebafd0c2a5afceb6bb6a316e7fb46e4"},
    {file = "multipledispatch-1.0.0.tar.gz", hash = "sha256:5c839915465c68206c3e9c473357908216c28383b425361e5d144594bf85a7e0"},
]

[[package]]
name = "zope-optionalextension"
version = "1.1"
description = "Optional compilation of C extensions"
optional = false
python-versions = "*"
files = [
    {file = "zope.optionalextension-1.1.tar.gz", hash = "sha256:0979d8cd044929370f52d546ed9103050bd361ec7a33fcdaf51043b0307c0d16"},
]

[metadata]
lock-version = "2.0"
python-versions = ">=3.10.0,<3.11"
content-hash = "610268bfc8b6f6321552bf629aa22828bfbb15c392f4335dae52cf09dc4f6f92"
